<?xml version="1.0" encoding="utf-8"?>
<Project ToolsVersion="4.0" xmlns="http://schemas.microsoft.com/developer/msbuild/2003">
  <ItemGroup>
    <Filter Include="소스 파일">
      <UniqueIdentifier>{4FC737F1-C7A5-4376-A066-2A32D752A2FF}</UniqueIdentifier>
      <Extensions>cpp;c;cc;cxx;c++;cppm;ixx;def;odl;idl;hpj;bat;asm;asmx</Extensions>
    </Filter>
    <Filter Include="헤더 파일">
      <UniqueIdentifier>{93995380-89BD-4b04-88EB-625FBE52EBFB}</UniqueIdentifier>
      <Extensions>h;hh;hpp;hxx;h++;hm;inl;inc;ipp;xsd</Extensions>
    </Filter>
    <Filter Include="리소스 파일">
      <UniqueIdentifier>{67DA6AB6-F800-4c08-8B7A-83BB121AAD01}</UniqueIdentifier>
      <Extensions>rc;ico;cur;bmp;dlg;rc2;rct;bin;rgs;gif;jpg;jpeg;jpe;resx;tiff;tif;png;wav;mfcribbon-ms</Extensions>
    </Filter>
    <Filter Include="소스 파일\01.Mush">
      <UniqueIdentifier>{681653bd-309a-4ecc-a099-8b71a90ca9de}</UniqueIdentifier>
    </Filter>
    <Filter Include="소스 파일\02.Animator">
      <UniqueIdentifier>{e653987d-4f73-4858-a1c8-78837902efe6}</UniqueIdentifier>
    </Filter>
    <Filter Include="소스 파일\02.Animator\Animation">
      <UniqueIdentifier>{727c65e3-581e-4c48-9dbe-52ae2f83c82d}</UniqueIdentifier>
    </Filter>
    <Filter Include="Engine">
      <UniqueIdentifier>{6ef2c47d-a629-4735-977e-dd30a6524047}</UniqueIdentifier>
    </Filter>
    <Filter Include="Engine\02.Core">
      <UniqueIdentifier>{ec5cd108-7c4d-4777-b061-5a63e588a3a2}</UniqueIdentifier>
    </Filter>
    <Filter Include="Engine\01.Header">
      <UniqueIdentifier>{b9ddab39-476b-45c9-8a8d-33acb6a501df}</UniqueIdentifier>
    </Filter>
    <Filter Include="소스 파일\03.BackGround">
      <UniqueIdentifier>{7df4639c-ca92-42bb-8f56-4f1bc0e36461}</UniqueIdentifier>
    </Filter>
    <Filter Include="Engine\03.CObject">
      <UniqueIdentifier>{79dbaf42-e234-406a-9098-722dd9baf89e}</UniqueIdentifier>
    </Filter>
  </ItemGroup>
  <ItemGroup>
    <ClInclude Include="framework.h">
      <Filter>헤더 파일</Filter>
    </ClInclude>
    <ClInclude Include="targetver.h">
      <Filter>헤더 파일</Filter>
    </ClInclude>
    <ClInclude Include="Resource.h">
      <Filter>헤더 파일</Filter>
    </ClInclude>
    <ClInclude Include="JM_WINPROJ_Game.h">
      <Filter>헤더 파일</Filter>
    </ClInclude>
    <ClInclude Include="resource1.h">
      <Filter>헤더 파일</Filter>
    </ClInclude>
    <ClInclude Include="MapObj.h">
      <Filter>헤더 파일</Filter>
    </ClInclude>
    <ClInclude Include="Mush.h">
      <Filter>소스 파일\01.Mush</Filter>
    </ClInclude>
    <ClInclude Include="CAnimator.h">
      <Filter>소스 파일</Filter>
    </ClInclude>
    <ClInclude Include="CAnimation.h">
      <Filter>소스 파일\02.Animator\Animation</Filter>
    </ClInclude>
    <ClInclude Include="CCore.h">
      <Filter>Engine\02.Core</Filter>
    </ClInclude>
    <ClInclude Include="define.h">
      <Filter>Engine\01.Header</Filter>
    </ClInclude>
    <ClInclude Include="struct.h">
      <Filter>Engine\01.Header</Filter>
    </ClInclude>
    <ClInclude Include="pch.h" />
    <ClInclude Include="BackGround.h">
      <Filter>소스 파일\03.BackGround</Filter>
    </ClInclude>
    <ClInclude Include="CObject.h">
      <Filter>Engine\03.CObject</Filter>
    </ClInclude>
  </ItemGroup>
  <ItemGroup>
    <ClCompile Include="JM_WINPROJ_Game.cpp">
      <Filter>소스 파일</Filter>
    </ClCompile>
    <ClCompile Include="Mush.cpp">
      <Filter>소스 파일\01.Mush</Filter>
    </ClCompile>
    <ClCompile Include="CAnimator.cpp">
      <Filter>소스 파일</Filter>
    </ClCompile>
    <ClCompile Include="CAnimation.cpp">
      <Filter>소스 파일\02.Animator\Animation</Filter>
    </ClCompile>
    <ClCompile Include="CCore.cpp">
      <Filter>Engine\02.Core</Filter>
    </ClCompile>
    <ClCompile Include="BackGround.cpp">
      <Filter>소스 파일\03.BackGround</Filter>
    </ClCompile>
    <ClCompile Include="CObject.cpp">
      <Filter>Engine\03.CObject</Filter>
    </ClCompile>
  </ItemGroup>
  <ItemGroup>
    <ResourceCompile Include="JM_WINPROJ_Game.rc">
      <Filter>리소스 파일</Filter>
    </ResourceCompile>
    <ResourceCompile Include="Bitmap.rc">
      <Filter>리소스 파일</Filter>
    </ResourceCompile>
  </ItemGroup>
  <ItemGroup>
    <Image Include="small.ico">
      <Filter>리소스 파일</Filter>
    </Image>
    <Image Include="JM_WINPROJ_Game.ico">
      <Filter>리소스 파일</Filter>
    </Image>
    <Image Include="bitmap1.bmp">
      <Filter>리소스 파일</Filter>
    </Image>
  </ItemGroup>
</Project>