
Microsoft Visual Studio Solution File, Format Version 12.00
# Visual Studio Version 17
VisualStudioVersion = 17.5.33530.505
MinimumVisualStudioVersion = 10.0.40219.1
Project("{8BC9CEB8-8B4A-11D0-8D11-00A0C91BC942}") = "JM_WINPROJ_Game", "JM_WINPROJ_Game.vcxproj", "{645E3C5D-0253-4DCE-8822-F741A47650E6}"
EndProject
Global
	GlobalSection(SolutionConfigurationPlatforms) = preSolution
		Debug|x64 = Debug|x64
		Debug|x86 = Debug|x86
		Release|x64 = Release|x64
		Release|x86 = Release|x86
	EndGlobalSection
	GlobalSection(ProjectConfigurationPlatforms) = postSolution
		{645E3C5D-0253-4DCE-8822-F741A47650E6}.Debug|x64.ActiveCfg = Debug|x64
		{645E3C5D-0253-4DCE-8822-F741A47650E6}.Debug|x64.Build.0 = Debug|x64
		{645E3C5D-0253-4DCE-8822-F741A47650E6}.Debug|x86.ActiveCfg = Debug|Win32
		{645E3C5D-0253-4DCE-8822-F741A47650E6}.Debug|x86.Build.0 = Debug|Win32
		{645E3C5D-0253-4DCE-8822-F741A47650E6}.Release|x64.ActiveCfg = Release|x64
		{645E3C5D-0253-4DCE-8822-F741A47650E6}.Release|x64.Build.0 = Release|x64
		{645E3C5D-0253-4DCE-8822-F741A47650E6}.Release|x86.ActiveCfg = Release|Win32
		{645E3C5D-0253-4DCE-8822-F741A47650E6}.Release|x86.Build.0 = Release|Win32
	EndGlobalSection
	GlobalSection(SolutionProperties) = preSolution
		HideSolutionNode = FALSE
	EndGlobalSection
	GlobalSection(ExtensibilityGlobals) = postSolution
		SolutionGuid = {1C1E2239-23A9-4E37-BCDF-E71CA2C2C96B}
	EndGlobalSection
EndGlobal
